
Microsoft Visual Studio Solution File, Format Version 12.00
# Visual Studio 15
VisualStudioVersion = 15.0.26430.15
MinimumVisualStudioVersion = 10.0.40219.1
Project("{FAE04EC0-301F-11D3-BF4B-00C04F79EFBC}") = "Happy Search", "Visual Novel Database\Happy Search.csproj", "{E6DD9509-0EDA-441D-BEB7-C8E482AC70C9}"
EndProject
Project("{FAE04EC0-301F-11D3-BF4B-00C04F79EFBC}") = "Happy Apps Core", "HappySearchObjectClasses\Happy Apps Core.csproj", "{C5E4C647-35BA-4525-B78A-F2263A628A5A}"
EndProject
Project("{FAE04EC0-301F-11D3-BF4B-00C04F79EFBC}") = "Happy Apps Core Tests", "Happy Apps Core Tests\Happy Apps Core Tests.csproj", "{2560AE44-7A1F-4320-8F86-18F06D3AC79B}"
EndProject
Global
	GlobalSection(SolutionConfigurationPlatforms) = preSolution
		Debug|Any CPU = Debug|Any CPU
		Debug|x64 = Debug|x64
		Release|Any CPU = Release|Any CPU
		Release|x64 = Release|x64
	EndGlobalSection
	GlobalSection(ProjectConfigurationPlatforms) = postSolution
		{E6DD9509-0EDA-441D-BEB7-C8E482AC70C9}.Debug|Any CPU.ActiveCfg = Debug|Any CPU
		{E6DD9509-0EDA-441D-BEB7-C8E482AC70C9}.Debug|Any CPU.Build.0 = Debug|Any CPU
		{E6DD9509-0EDA-441D-BEB7-C8E482AC70C9}.Debug|x64.ActiveCfg = Debug|x64
		{E6DD9509-0EDA-441D-BEB7-C8E482AC70C9}.Debug|x64.Build.0 = Debug|x64
		{E6DD9509-0EDA-441D-BEB7-C8E482AC70C9}.Release|Any CPU.ActiveCfg = Release|Any CPU
		{E6DD9509-0EDA-441D-BEB7-C8E482AC70C9}.Release|Any CPU.Build.0 = Release|Any CPU
		{E6DD9509-0EDA-441D-BEB7-C8E482AC70C9}.Release|x64.ActiveCfg = Release|x64
		{E6DD9509-0EDA-441D-BEB7-C8E482AC70C9}.Release|x64.Build.0 = Release|x64
		{C5E4C647-35BA-4525-B78A-F2263A628A5A}.Debug|Any CPU.ActiveCfg = Debug|Any CPU
		{C5E4C647-35BA-4525-B78A-F2263A628A5A}.Debug|Any CPU.Build.0 = Debug|Any CPU
		{C5E4C647-35BA-4525-B78A-F2263A628A5A}.Debug|x64.ActiveCfg = Debug|Any CPU
		{C5E4C647-35BA-4525-B78A-F2263A628A5A}.Debug|x64.Build.0 = Debug|Any CPU
		{C5E4C647-35BA-4525-B78A-F2263A628A5A}.Release|Any CPU.ActiveCfg = Release|Any CPU
		{C5E4C647-35BA-4525-B78A-F2263A628A5A}.Release|Any CPU.Build.0 = Release|Any CPU
		{C5E4C647-35BA-4525-B78A-F2263A628A5A}.Release|x64.ActiveCfg = Release|Any CPU
		{C5E4C647-35BA-4525-B78A-F2263A628A5A}.Release|x64.Build.0 = Release|Any CPU
		{2560AE44-7A1F-4320-8F86-18F06D3AC79B}.Debug|Any CPU.ActiveCfg = Debug|Any CPU
		{2560AE44-7A1F-4320-8F86-18F06D3AC79B}.Debug|Any CPU.Build.0 = Debug|Any CPU
		{2560AE44-7A1F-4320-8F86-18F06D3AC79B}.Debug|x64.ActiveCfg = Debug|Any CPU
		{2560AE44-7A1F-4320-8F86-18F06D3AC79B}.Debug|x64.Build.0 = Debug|Any CPU
		{2560AE44-7A1F-4320-8F86-18F06D3AC79B}.Release|Any CPU.ActiveCfg = Release|Any CPU
		{2560AE44-7A1F-4320-8F86-18F06D3AC79B}.Release|Any CPU.Build.0 = Release|Any CPU
		{2560AE44-7A1F-4320-8F86-18F06D3AC79B}.Release|x64.ActiveCfg = Release|Any CPU
		{2560AE44-7A1F-4320-8F86-18F06D3AC79B}.Release|x64.Build.0 = Release|Any CPU
	EndGlobalSection
	GlobalSection(SolutionProperties) = preSolution
		HideSolutionNode = FALSE
	EndGlobalSection
EndGlobal
